<?xml version="1.0" encoding="utf-8"?>
<Project ToolsVersion="17.0" xmlns="http://schemas.microsoft.com/developer/msbuild/2003">
  <ItemGroup>
    <ClCompile Include="C:\Users\paulo\Desktop\Repos\College-Coursework-Repository\CG\Aula1\src_and_cmake\main.cpp">
      <Filter>Source Files</Filter>
    </ClCompile>
  </ItemGroup>
  <ItemGroup>
    <CustomBuild Include="C:\Users\paulo\Desktop\Repos\College-Coursework-Repository\CG\Aula1\src_and_cmake\CMakeLists.txt" />
  </ItemGroup>
  <ItemGroup>
    <Filter Include="Source Files">
      <UniqueIdentifier>{22A818D1-0D4C-39DC-9CBE-8321675B1DCC}</UniqueIdentifier>
    </Filter>
  </ItemGroup>
</Project>
