<?xml version="1.0" encoding="utf-8"?>
<Project ToolsVersion="17.0" xmlns="http://schemas.microsoft.com/developer/msbuild/2003">
  <ItemGroup>
    <ClCompile Include="C:\Users\paulo\Desktop\Repos\College-Coursework-Repository\CG\PrepWork\code\main.cpp">
      <Filter>Source Files</Filter>
    </ClCompile>
  </ItemGroup>
  <ItemGroup>
    <CustomBuild Include="C:\Users\paulo\Desktop\Repos\College-Coursework-Repository\CG\PrepWork\code\CMakeLists.txt" />
  </ItemGroup>
  <ItemGroup>
    <Filter Include="Source Files">
      <UniqueIdentifier>{E6F87B60-B871-3143-8269-5554F5CF8465}</UniqueIdentifier>
    </Filter>
  </ItemGroup>
</Project>
